// !$*UTF8*$!
{
	archiveVersion = 1;
	classes = {
	};
	objectVersion = 55;
	objects = {

/* Begin PBXBuildFile section */
		70A833F667A74552D7CD76FD /* Pods_BookLibrary_BookLibraryUITests.framework in Frameworks */ = {isa = PBXBuildFile; fileRef = 1D306F5CFF91BDCB512A0851 /* Pods_BookLibrary_BookLibraryUITests.framework */; };
		71DECEEB27396706000BCE96 /* AppDelegate.swift in Sources */ = {isa = PBXBuildFile; fileRef = 71DECEEA27396706000BCE96 /* AppDelegate.swift */; };
		71DECEED27396706000BCE96 /* SceneDelegate.swift in Sources */ = {isa = PBXBuildFile; fileRef = 71DECEEC27396706000BCE96 /* SceneDelegate.swift */; };
		71DECEEF27396706000BCE96 /* ViewController.swift in Sources */ = {isa = PBXBuildFile; fileRef = 71DECEEE27396706000BCE96 /* ViewController.swift */; };
		71DECEF227396706000BCE96 /* Main.storyboard in Resources */ = {isa = PBXBuildFile; fileRef = 71DECEF027396706000BCE96 /* Main.storyboard */; };
		71DECEF427396709000BCE96 /* Assets.xcassets in Resources */ = {isa = PBXBuildFile; fileRef = 71DECEF327396709000BCE96 /* Assets.xcassets */; };
		71DECEF727396709000BCE96 /* LaunchScreen.storyboard in Resources */ = {isa = PBXBuildFile; fileRef = 71DECEF527396709000BCE96 /* LaunchScreen.storyboard */; };
		71DECF0227396709000BCE96 /* BookLibraryTests.swift in Sources */ = {isa = PBXBuildFile; fileRef = 71DECF0127396709000BCE96 /* BookLibraryTests.swift */; };
		71DECF0C27396709000BCE96 /* BookLibraryUITests.swift in Sources */ = {isa = PBXBuildFile; fileRef = 71DECF0B27396709000BCE96 /* BookLibraryUITests.swift */; };
		71DECF0E27396709000BCE96 /* BookLibraryUITestsLaunchTests.swift in Sources */ = {isa = PBXBuildFile; fileRef = 71DECF0D27396709000BCE96 /* BookLibraryUITestsLaunchTests.swift */; };
		D7F45912DE50EF2F5E0FA6B8 /* Pods_BookLibrary.framework in Frameworks */ = {isa = PBXBuildFile; fileRef = ABD5EF65904274E7DBBB2C22 /* Pods_BookLibrary.framework */; };
		FD6D7560C4D943F4335D1C5B /* Pods_BookLibraryTests.framework in Frameworks */ = {isa = PBXBuildFile; fileRef = E25C07F007E9838078529F81 /* Pods_BookLibraryTests.framework */; };
/* End PBXBuildFile section */

/* Begin PBXContainerItemProxy section */
		71DECEFE27396709000BCE96 /* PBXContainerItemProxy */ = {
			isa = PBXContainerItemProxy;
			containerPortal = 71DECEDF27396706000BCE96 /* Project object */;
			proxyType = 1;
			remoteGlobalIDString = 71DECEE627396706000BCE96;
			remoteInfo = BookLibrary;
		};
		71DECF0827396709000BCE96 /* PBXContainerItemProxy */ = {
			isa = PBXContainerItemProxy;
			containerPortal = 71DECEDF27396706000BCE96 /* Project object */;
			proxyType = 1;
			remoteGlobalIDString = 71DECEE627396706000BCE96;
			remoteInfo = BookLibrary;
		};
/* End PBXContainerItemProxy section */

/* Begin PBXFileReference section */
		1D306F5CFF91BDCB512A0851 /* Pods_BookLibrary_BookLibraryUITests.framework */ = {isa = PBXFileReference; explicitFileType = wrapper.framework; includeInIndex = 0; path = Pods_BookLibrary_BookLibraryUITests.framework; sourceTree = BUILT_PRODUCTS_DIR; };
		2BE3BE5FB62D84F9FEFE6425 /* Pods-BookLibrary.debug.xcconfig */ = {isa = PBXFileReference; includeInIndex = 1; lastKnownFileType = text.xcconfig; name = "Pods-BookLibrary.debug.xcconfig"; path = "Target Support Files/Pods-BookLibrary/Pods-BookLibrary.debug.xcconfig"; sourceTree = "<group>"; };
		2D3F31C30D766DACFD7BC2AC /* Pods-BookLibrary-BookLibraryUITests.release.xcconfig */ = {isa = PBXFileReference; includeInIndex = 1; lastKnownFileType = text.xcconfig; name = "Pods-BookLibrary-BookLibraryUITests.release.xcconfig"; path = "Target Support Files/Pods-BookLibrary-BookLibraryUITests/Pods-BookLibrary-BookLibraryUITests.release.xcconfig"; sourceTree = "<group>"; };
		3A9701AC13540C46E94DA6C7 /* Pods-BookLibrary.release.xcconfig */ = {isa = PBXFileReference; includeInIndex = 1; lastKnownFileType = text.xcconfig; name = "Pods-BookLibrary.release.xcconfig"; path = "Target Support Files/Pods-BookLibrary/Pods-BookLibrary.release.xcconfig"; sourceTree = "<group>"; };
		71DECEE727396706000BCE96 /* BookLibrary.app */ = {isa = PBXFileReference; explicitFileType = wrapper.application; includeInIndex = 0; path = BookLibrary.app; sourceTree = BUILT_PRODUCTS_DIR; };
		71DECEEA27396706000BCE96 /* AppDelegate.swift */ = {isa = PBXFileReference; lastKnownFileType = sourcecode.swift; path = AppDelegate.swift; sourceTree = "<group>"; };
		71DECEEC27396706000BCE96 /* SceneDelegate.swift */ = {isa = PBXFileReference; lastKnownFileType = sourcecode.swift; path = SceneDelegate.swift; sourceTree = "<group>"; };
		71DECEEE27396706000BCE96 /* ViewController.swift */ = {isa = PBXFileReference; lastKnownFileType = sourcecode.swift; path = ViewController.swift; sourceTree = "<group>"; };
		71DECEF127396706000BCE96 /* Base */ = {isa = PBXFileReference; lastKnownFileType = file.storyboard; name = Base; path = Base.lproj/Main.storyboard; sourceTree = "<group>"; };
		71DECEF327396709000BCE96 /* Assets.xcassets */ = {isa = PBXFileReference; lastKnownFileType = folder.assetcatalog; path = Assets.xcassets; sourceTree = "<group>"; };
		71DECEF627396709000BCE96 /* Base */ = {isa = PBXFileReference; lastKnownFileType = file.storyboard; name = Base; path = Base.lproj/LaunchScreen.storyboard; sourceTree = "<group>"; };
		71DECEF827396709000BCE96 /* Info.plist */ = {isa = PBXFileReference; lastKnownFileType = text.plist.xml; path = Info.plist; sourceTree = "<group>"; };
		71DECEFD27396709000BCE96 /* BookLibraryTests.xctest */ = {isa = PBXFileReference; explicitFileType = wrapper.cfbundle; includeInIndex = 0; path = BookLibraryTests.xctest; sourceTree = BUILT_PRODUCTS_DIR; };
		71DECF0127396709000BCE96 /* BookLibraryTests.swift */ = {isa = PBXFileReference; lastKnownFileType = sourcecode.swift; path = BookLibraryTests.swift; sourceTree = "<group>"; };
		71DECF0727396709000BCE96 /* BookLibraryUITests.xctest */ = {isa = PBXFileReference; explicitFileType = wrapper.cfbundle; includeInIndex = 0; path = BookLibraryUITests.xctest; sourceTree = BUILT_PRODUCTS_DIR; };
		71DECF0B27396709000BCE96 /* BookLibraryUITests.swift */ = {isa = PBXFileReference; lastKnownFileType = sourcecode.swift; path = BookLibraryUITests.swift; sourceTree = "<group>"; };
		71DECF0D27396709000BCE96 /* BookLibraryUITestsLaunchTests.swift */ = {isa = PBXFileReference; lastKnownFileType = sourcecode.swift; path = BookLibraryUITestsLaunchTests.swift; sourceTree = "<group>"; };
		90BE7E5C3AAF56FC0CC369C9 /* Pods-BookLibraryTests.release.xcconfig */ = {isa = PBXFileReference; includeInIndex = 1; lastKnownFileType = text.xcconfig; name = "Pods-BookLibraryTests.release.xcconfig"; path = "Target Support Files/Pods-BookLibraryTests/Pods-BookLibraryTests.release.xcconfig"; sourceTree = "<group>"; };
		96E88DA8718C9CF48A02C8FC /* Pods-BookLibrary-BookLibraryUITests.debug.xcconfig */ = {isa = PBXFileReference; includeInIndex = 1; lastKnownFileType = text.xcconfig; name = "Pods-BookLibrary-BookLibraryUITests.debug.xcconfig"; path = "Target Support Files/Pods-BookLibrary-BookLibraryUITests/Pods-BookLibrary-BookLibraryUITests.debug.xcconfig"; sourceTree = "<group>"; };
		ABD5EF65904274E7DBBB2C22 /* Pods_BookLibrary.framework */ = {isa = PBXFileReference; explicitFileType = wrapper.framework; includeInIndex = 0; path = Pods_BookLibrary.framework; sourceTree = BUILT_PRODUCTS_DIR; };
		E25C07F007E9838078529F81 /* Pods_BookLibraryTests.framework */ = {isa = PBXFileReference; explicitFileType = wrapper.framework; includeInIndex = 0; path = Pods_BookLibraryTests.framework; sourceTree = BUILT_PRODUCTS_DIR; };
		E47FAC6A4A2B8CBE43839241 /* Pods-BookLibraryTests.debug.xcconfig */ = {isa = PBXFileReference; includeInIndex = 1; lastKnownFileType = text.xcconfig; name = "Pods-BookLibraryTests.debug.xcconfig"; path = "Target Support Files/Pods-BookLibraryTests/Pods-BookLibraryTests.debug.xcconfig"; sourceTree = "<group>"; };
/* End PBXFileReference section */

/* Begin PBXFrameworksBuildPhase section */
		71DECEE427396706000BCE96 /* Frameworks */ = {
			isa = PBXFrameworksBuildPhase;
			buildActionMask = 2147483647;
			files = (
				D7F45912DE50EF2F5E0FA6B8 /* Pods_BookLibrary.framework in Frameworks */,
			);
			runOnlyForDeploymentPostprocessing = 0;
		};
		71DECEFA27396709000BCE96 /* Frameworks */ = {
			isa = PBXFrameworksBuildPhase;
			buildActionMask = 2147483647;
			files = (
				FD6D7560C4D943F4335D1C5B /* Pods_BookLibraryTests.framework in Frameworks */,
			);
			runOnlyForDeploymentPostprocessing = 0;
		};
		71DECF0427396709000BCE96 /* Frameworks */ = {
			isa = PBXFrameworksBuildPhase;
			buildActionMask = 2147483647;
			files = (
				70A833F667A74552D7CD76FD /* Pods_BookLibrary_BookLibraryUITests.framework in Frameworks */,
			);
			runOnlyForDeploymentPostprocessing = 0;
		};
/* End PBXFrameworksBuildPhase section */

/* Begin PBXGroup section */
		704431DF9A8EDA09477C8BCE /* Pods */ = {
			isa = PBXGroup;
			children = (
				2BE3BE5FB62D84F9FEFE6425 /* Pods-BookLibrary.debug.xcconfig */,
				3A9701AC13540C46E94DA6C7 /* Pods-BookLibrary.release.xcconfig */,
				96E88DA8718C9CF48A02C8FC /* Pods-BookLibrary-BookLibraryUITests.debug.xcconfig */,
				2D3F31C30D766DACFD7BC2AC /* Pods-BookLibrary-BookLibraryUITests.release.xcconfig */,
				E47FAC6A4A2B8CBE43839241 /* Pods-BookLibraryTests.debug.xcconfig */,
				90BE7E5C3AAF56FC0CC369C9 /* Pods-BookLibraryTests.release.xcconfig */,
			);
			name = Pods;
			path = Pods;
			sourceTree = "<group>";
		};
		71DECEDE27396706000BCE96 = {
			isa = PBXGroup;
			children = (
				71DECEE927396706000BCE96 /* BookLibrary */,
				71DECF0027396709000BCE96 /* BookLibraryTests */,
				71DECF0A27396709000BCE96 /* BookLibraryUITests */,
				71DECEE827396706000BCE96 /* Products */,
				704431DF9A8EDA09477C8BCE /* Pods */,
				D8229620A28E1D9D4A877C9A /* Frameworks */,
			);
			sourceTree = "<group>";
		};
		71DECEE827396706000BCE96 /* Products */ = {
			isa = PBXGroup;
			children = (
				71DECEE727396706000BCE96 /* BookLibrary.app */,
				71DECEFD27396709000BCE96 /* BookLibraryTests.xctest */,
				71DECF0727396709000BCE96 /* BookLibraryUITests.xctest */,
			);
			name = Products;
			sourceTree = "<group>";
		};
		71DECEE927396706000BCE96 /* BookLibrary */ = {
			isa = PBXGroup;
			children = (
				71DECEEA27396706000BCE96 /* AppDelegate.swift */,
				71DECEEC27396706000BCE96 /* SceneDelegate.swift */,
				71DECEEE27396706000BCE96 /* ViewController.swift */,
				71DECEF027396706000BCE96 /* Main.storyboard */,
				71DECEF327396709000BCE96 /* Assets.xcassets */,
				71DECEF527396709000BCE96 /* LaunchScreen.storyboard */,
				71DECEF827396709000BCE96 /* Info.plist */,
			);
			path = BookLibrary;
			sourceTree = "<group>";
		};
		71DECF0027396709000BCE96 /* BookLibraryTests */ = {
			isa = PBXGroup;
			children = (
				71DECF0127396709000BCE96 /* BookLibraryTests.swift */,
			);
			path = BookLibraryTests;
			sourceTree = "<group>";
		};
		71DECF0A27396709000BCE96 /* BookLibraryUITests */ = {
			isa = PBXGroup;
			children = (
				71DECF0B27396709000BCE96 /* BookLibraryUITests.swift */,
				71DECF0D27396709000BCE96 /* BookLibraryUITestsLaunchTests.swift */,
			);
			path = BookLibraryUITests;
			sourceTree = "<group>";
		};
		D8229620A28E1D9D4A877C9A /* Frameworks */ = {
			isa = PBXGroup;
			children = (
				ABD5EF65904274E7DBBB2C22 /* Pods_BookLibrary.framework */,
				1D306F5CFF91BDCB512A0851 /* Pods_BookLibrary_BookLibraryUITests.framework */,
				E25C07F007E9838078529F81 /* Pods_BookLibraryTests.framework */,
			);
			name = Frameworks;
			sourceTree = "<group>";
		};
/* End PBXGroup section */

/* Begin PBXNativeTarget section */
		71DECEE627396706000BCE96 /* BookLibrary */ = {
			isa = PBXNativeTarget;
			buildConfigurationList = 71DECF1127396709000BCE96 /* Build configuration list for PBXNativeTarget "BookLibrary" */;
			buildPhases = (
				0A49416257B96E7E8D98DD9C /* [CP] Check Pods Manifest.lock */,
				71DECEE327396706000BCE96 /* Sources */,
				71DECEE427396706000BCE96 /* Frameworks */,
				71DECEE527396706000BCE96 /* Resources */,
				F8184DF485F09F3BB3949565 /* [CP] Embed Pods Frameworks */,
			);
			buildRules = (
			);
			dependencies = (
			);
			name = BookLibrary;
			productName = BookLibrary;
			productReference = 71DECEE727396706000BCE96 /* BookLibrary.app */;
			productType = "com.apple.product-type.application";
		};
		71DECEFC27396709000BCE96 /* BookLibraryTests */ = {
			isa = PBXNativeTarget;
			buildConfigurationList = 71DECF1427396709000BCE96 /* Build configuration list for PBXNativeTarget "BookLibraryTests" */;
			buildPhases = (
				66BD36176734C20485FF96E6 /* [CP] Check Pods Manifest.lock */,
				71DECEF927396709000BCE96 /* Sources */,
				71DECEFA27396709000BCE96 /* Frameworks */,
				71DECEFB27396709000BCE96 /* Resources */,
			);
			buildRules = (
			);
			dependencies = (
				71DECEFF27396709000BCE96 /* PBXTargetDependency */,
			);
			name = BookLibraryTests;
			productName = BookLibraryTests;
			productReference = 71DECEFD27396709000BCE96 /* BookLibraryTests.xctest */;
			productType = "com.apple.product-type.bundle.unit-test";
		};
		71DECF0627396709000BCE96 /* BookLibraryUITests */ = {
			isa = PBXNativeTarget;
			buildConfigurationList = 71DECF1727396709000BCE96 /* Build configuration list for PBXNativeTarget "BookLibraryUITests" */;
			buildPhases = (
				B6E1611748C33FDDB7AAAEA7 /* [CP] Check Pods Manifest.lock */,
				71DECF0327396709000BCE96 /* Sources */,
				71DECF0427396709000BCE96 /* Frameworks */,
				71DECF0527396709000BCE96 /* Resources */,
				E83807B1AAEE871800F8A7BA /* [CP] Embed Pods Frameworks */,
			);
			buildRules = (
			);
			dependencies = (
				71DECF0927396709000BCE96 /* PBXTargetDependency */,
			);
			name = BookLibraryUITests;
			productName = BookLibraryUITests;
			productReference = 71DECF0727396709000BCE96 /* BookLibraryUITests.xctest */;
			productType = "com.apple.product-type.bundle.ui-testing";
		};
/* End PBXNativeTarget section */

/* Begin PBXProject section */
		71DECEDF27396706000BCE96 /* Project object */ = {
			isa = PBXProject;
			attributes = {
				BuildIndependentTargetsInParallel = 1;
				LastSwiftUpdateCheck = 1300;
				LastUpgradeCheck = 1300;
				TargetAttributes = {
					71DECEE627396706000BCE96 = {
						CreatedOnToolsVersion = 13.0;
					};
					71DECEFC27396709000BCE96 = {
						CreatedOnToolsVersion = 13.0;
						TestTargetID = 71DECEE627396706000BCE96;
					};
					71DECF0627396709000BCE96 = {
						CreatedOnToolsVersion = 13.0;
						TestTargetID = 71DECEE627396706000BCE96;
					};
				};
			};
			buildConfigurationList = 71DECEE227396706000BCE96 /* Build configuration list for PBXProject "BookLibrary" */;
			compatibilityVersion = "Xcode 13.0";
			developmentRegion = en;
			hasScannedForEncodings = 0;
			knownRegions = (
				en,
				Base,
			);
			mainGroup = 71DECEDE27396706000BCE96;
			productRefGroup = 71DECEE827396706000BCE96 /* Products */;
			projectDirPath = "";
			projectRoot = "";
			targets = (
				71DECEE627396706000BCE96 /* BookLibrary */,
				71DECEFC27396709000BCE96 /* BookLibraryTests */,
				71DECF0627396709000BCE96 /* BookLibraryUITests */,
			);
		};
/* End PBXProject section */

/* Begin PBXResourcesBuildPhase section */
		71DECEE527396706000BCE96 /* Resources */ = {
			isa = PBXResourcesBuildPhase;
			buildActionMask = 2147483647;
			files = (
				71DECEF727396709000BCE96 /* LaunchScreen.storyboard in Resources */,
				71DECEF427396709000BCE96 /* Assets.xcassets in Resources */,
				71DECEF227396706000BCE96 /* Main.storyboard in Resources */,
			);
			runOnlyForDeploymentPostprocessing = 0;
		};
		71DECEFB27396709000BCE96 /* Resources */ = {
			isa = PBXResourcesBuildPhase;
			buildActionMask = 2147483647;
			files = (
			);
			runOnlyForDeploymentPostprocessing = 0;
		};
		71DECF0527396709000BCE96 /* Resources */ = {
			isa = PBXResourcesBuildPhase;
			buildActionMask = 2147483647;
			files = (
			);
			runOnlyForDeploymentPostprocessing = 0;
		};
/* End PBXResourcesBuildPhase section */

/* Begin PBXShellScriptBuildPhase section */
		0A49416257B96E7E8D98DD9C /* [CP] Check Pods Manifest.lock */ = {
			isa = PBXShellScriptBuildPhase;
			buildActionMask = 2147483647;
			files = (
			);
			inputFileListPaths = (
			);
			inputPaths = (
				"${PODS_PODFILE_DIR_PATH}/Podfile.lock",
				"${PODS_ROOT}/Manifest.lock",
			);
			name = "[CP] Check Pods Manifest.lock";
			outputFileListPaths = (
			);
			outputPaths = (
				"$(DERIVED_FILE_DIR)/Pods-BookLibrary-checkManifestLockResult.txt",
			);
			runOnlyForDeploymentPostprocessing = 0;
			shellPath = /bin/sh;
			shellScript = "diff \"${PODS_PODFILE_DIR_PATH}/Podfile.lock\" \"${PODS_ROOT}/Manifest.lock\" > /dev/null\nif [ $? != 0 ] ; then\n    # print error to STDERR\n    echo \"error: The sandbox is not in sync with the Podfile.lock. Run 'pod install' or update your CocoaPods installation.\" >&2\n    exit 1\nfi\n# This output is used by Xcode 'outputs' to avoid re-running this script phase.\necho \"SUCCESS\" > \"${SCRIPT_OUTPUT_FILE_0}\"\n";
			showEnvVarsInLog = 0;
		};
		66BD36176734C20485FF96E6 /* [CP] Check Pods Manifest.lock */ = {
			isa = PBXShellScriptBuildPhase;
			buildActionMask = 2147483647;
			files = (
			);
			inputFileListPaths = (
			);
			inputPaths = (
				"${PODS_PODFILE_DIR_PATH}/Podfile.lock",
				"${PODS_ROOT}/Manifest.lock",
			);
			name = "[CP] Check Pods Manifest.lock";
			outputFileListPaths = (
			);
			outputPaths = (
				"$(DERIVED_FILE_DIR)/Pods-BookLibraryTests-checkManifestLockResult.txt",
			);
			runOnlyForDeploymentPostprocessing = 0;
			shellPath = /bin/sh;
			shellScript = "diff \"${PODS_PODFILE_DIR_PATH}/Podfile.lock\" \"${PODS_ROOT}/Manifest.lock\" > /dev/null\nif [ $? != 0 ] ; then\n    # print error to STDERR\n    echo \"error: The sandbox is not in sync with the Podfile.lock. Run 'pod install' or update your CocoaPods installation.\" >&2\n    exit 1\nfi\n# This output is used by Xcode 'outputs' to avoid re-running this script phase.\necho \"SUCCESS\" > \"${SCRIPT_OUTPUT_FILE_0}\"\n";
			showEnvVarsInLog = 0;
		};
		B6E1611748C33FDDB7AAAEA7 /* [CP] Check Pods Manifest.lock */ = {
			isa = PBXShellScriptBuildPhase;
			buildActionMask = 2147483647;
			files = (
			);
			inputFileListPaths = (
			);
			inputPaths = (
				"${PODS_PODFILE_DIR_PATH}/Podfile.lock",
				"${PODS_ROOT}/Manifest.lock",
			);
			name = "[CP] Check Pods Manifest.lock";
			outputFileListPaths = (
			);
			outputPaths = (
				"$(DERIVED_FILE_DIR)/Pods-BookLibrary-BookLibraryUITests-checkManifestLockResult.txt",
			);
			runOnlyForDeploymentPostprocessing = 0;
			shellPath = /bin/sh;
			shellScript = "diff \"${PODS_PODFILE_DIR_PATH}/Podfile.lock\" \"${PODS_ROOT}/Manifest.lock\" > /dev/null\nif [ $? != 0 ] ; then\n    # print error to STDERR\n    echo \"error: The sandbox is not in sync with the Podfile.lock. Run 'pod install' or update your CocoaPods installation.\" >&2\n    exit 1\nfi\n# This output is used by Xcode 'outputs' to avoid re-running this script phase.\necho \"SUCCESS\" > \"${SCRIPT_OUTPUT_FILE_0}\"\n";
			showEnvVarsInLog = 0;
		};
		E83807B1AAEE871800F8A7BA /* [CP] Embed Pods Frameworks */ = {
			isa = PBXShellScriptBuildPhase;
			buildActionMask = 2147483647;
			files = (
			);
			inputFileListPaths = (
				"${PODS_ROOT}/Target Support Files/Pods-BookLibrary-BookLibraryUITests/Pods-BookLibrary-BookLibraryUITests-frameworks-${CONFIGURATION}-input-files.xcfilelist",
			);
			name = "[CP] Embed Pods Frameworks";
			outputFileListPaths = (
				"${PODS_ROOT}/Target Support Files/Pods-BookLibrary-BookLibraryUITests/Pods-BookLibrary-BookLibraryUITests-frameworks-${CONFIGURATION}-output-files.xcfilelist",
			);
			runOnlyForDeploymentPostprocessing = 0;
			shellPath = /bin/sh;
			shellScript = "\"${PODS_ROOT}/Target Support Files/Pods-BookLibrary-BookLibraryUITests/Pods-BookLibrary-BookLibraryUITests-frameworks.sh\"\n";
			showEnvVarsInLog = 0;
		};
		F8184DF485F09F3BB3949565 /* [CP] Embed Pods Frameworks */ = {
			isa = PBXShellScriptBuildPhase;
			buildActionMask = 2147483647;
			files = (
			);
			inputFileListPaths = (
				"${PODS_ROOT}/Target Support Files/Pods-BookLibrary/Pods-BookLibrary-frameworks-${CONFIGURATION}-input-files.xcfilelist",
			);
			name = "[CP] Embed Pods Frameworks";
			outputFileListPaths = (
				"${PODS_ROOT}/Target Support Files/Pods-BookLibrary/Pods-BookLibrary-frameworks-${CONFIGURATION}-output-files.xcfilelist",
			);
			runOnlyForDeploymentPostprocessing = 0;
			shellPath = /bin/sh;
			shellScript = "\"${PODS_ROOT}/Target Support Files/Pods-BookLibrary/Pods-BookLibrary-frameworks.sh\"\n";
			showEnvVarsInLog = 0;
		};
/* End PBXShellScriptBuildPhase section */

/* Begin PBXSourcesBuildPhase section */
		71DECEE327396706000BCE96 /* Sources */ = {
			isa = PBXSourcesBuildPhase;
			buildActionMask = 2147483647;
			files = (
				71DECEEF27396706000BCE96 /* ViewController.swift in Sources */,
				71DECEEB27396706000BCE96 /* AppDelegate.swift in Sources */,
				71DECEED27396706000BCE96 /* SceneDelegate.swift in Sources */,
			);
			runOnlyForDeploymentPostprocessing = 0;
		};
		71DECEF927396709000BCE96 /* Sources */ = {
			isa = PBXSourcesBuildPhase;
			buildActionMask = 2147483647;
			files = (
				71DECF0227396709000BCE96 /* BookLibraryTests.swift in Sources */,
			);
			runOnlyForDeploymentPostprocessing = 0;
		};
		71DECF0327396709000BCE96 /* Sources */ = {
			isa = PBXSourcesBuildPhase;
			buildActionMask = 2147483647;
			files = (
				71DECF0C27396709000BCE96 /* BookLibraryUITests.swift in Sources */,
				71DECF0E27396709000BCE96 /* BookLibraryUITestsLaunchTests.swift in Sources */,
			);
			runOnlyForDeploymentPostprocessing = 0;
		};
/* End PBXSourcesBuildPhase section */

/* Begin PBXTargetDependency section */
		71DECEFF27396709000BCE96 /* PBXTargetDependency */ = {
			isa = PBXTargetDependency;
			target = 71DECEE627396706000BCE96 /* BookLibrary */;
			targetProxy = 71DECEFE27396709000BCE96 /* PBXContainerItemProxy */;
		};
		71DECF0927396709000BCE96 /* PBXTargetDependency */ = {
			isa = PBXTargetDependency;
			target = 71DECEE627396706000BCE96 /* BookLibrary */;
			targetProxy = 71DECF0827396709000BCE96 /* PBXContainerItemProxy */;
		};
/* End PBXTargetDependency section */

/* Begin PBXVariantGroup section */
		71DECEF027396706000BCE96 /* Main.storyboard */ = {
			isa = PBXVariantGroup;
			children = (
				71DECEF127396706000BCE96 /* Base */,
			);
			name = Main.storyboard;
			sourceTree = "<group>";
		};
		71DECEF527396709000BCE96 /* LaunchScreen.storyboard */ = {
			isa = PBXVariantGroup;
			children = (
				71DECEF627396709000BCE96 /* Base */,
			);
			name = LaunchScreen.storyboard;
			sourceTree = "<group>";
		};
/* End PBXVariantGroup section */

/* Begin XCBuildConfiguration section */
		71DECF0F27396709000BCE96 /* Debug */ = {
			isa = XCBuildConfiguration;
			buildSettings = {
				ALWAYS_SEARCH_USER_PATHS = NO;
				CLANG_ANALYZER_NONNULL = YES;
				CLANG_ANALYZER_NUMBER_OBJECT_CONVERSION = YES_AGGRESSIVE;
				CLANG_CXX_LANGUAGE_STANDARD = "gnu++17";
				CLANG_CXX_LIBRARY = "libc++";
				CLANG_ENABLE_MODULES = YES;
				CLANG_ENABLE_OBJC_ARC = YES;
				CLANG_ENABLE_OBJC_WEAK = YES;
				CLANG_WARN_BLOCK_CAPTURE_AUTORELEASING = YES;
				CLANG_WARN_BOOL_CONVERSION = YES;
				CLANG_WARN_COMMA = YES;
				CLANG_WARN_CONSTANT_CONVERSION = YES;
				CLANG_WARN_DEPRECATED_OBJC_IMPLEMENTATIONS = YES;
				CLANG_WARN_DIRECT_OBJC_ISA_USAGE = YES_ERROR;
				CLANG_WARN_DOCUMENTATION_COMMENTS = YES;
				CLANG_WARN_EMPTY_BODY = YES;
				CLANG_WARN_ENUM_CONVERSION = YES;
				CLANG_WARN_INFINITE_RECURSION = YES;
				CLANG_WARN_INT_CONVERSION = YES;
				CLANG_WARN_NON_LITERAL_NULL_CONVERSION = YES;
				CLANG_WARN_OBJC_IMPLICIT_RETAIN_SELF = YES;
				CLANG_WARN_OBJC_LITERAL_CONVERSION = YES;
				CLANG_WARN_OBJC_ROOT_CLASS = YES_ERROR;
				CLANG_WARN_QUOTED_INCLUDE_IN_FRAMEWORK_HEADER = YES;
				CLANG_WARN_RANGE_LOOP_ANALYSIS = YES;
				CLANG_WARN_STRICT_PROTOTYPES = YES;
				CLANG_WARN_SUSPICIOUS_MOVE = YES;
				CLANG_WARN_UNGUARDED_AVAILABILITY = YES_AGGRESSIVE;
				CLANG_WARN_UNREACHABLE_CODE = YES;
				CLANG_WARN__DUPLICATE_METHOD_MATCH = YES;
				COPY_PHASE_STRIP = NO;
				DEBUG_INFORMATION_FORMAT = dwarf;
				ENABLE_STRICT_OBJC_MSGSEND = YES;
				ENABLE_TESTABILITY = YES;
				GCC_C_LANGUAGE_STANDARD = gnu11;
				GCC_DYNAMIC_NO_PIC = NO;
				GCC_NO_COMMON_BLOCKS = YES;
				GCC_OPTIMIZATION_LEVEL = 0;
				GCC_PREPROCESSOR_DEFINITIONS = (
					"DEBUG=1",
					"$(inherited)",
				);
				GCC_WARN_64_TO_32_BIT_CONVERSION = YES;
				GCC_WARN_ABOUT_RETURN_TYPE = YES_ERROR;
				GCC_WARN_UNDECLARED_SELECTOR = YES;
				GCC_WARN_UNINITIALIZED_AUTOS = YES_AGGRESSIVE;
				GCC_WARN_UNUSED_FUNCTION = YES;
				GCC_WARN_UNUSED_VARIABLE = YES;
				IPHONEOS_DEPLOYMENT_TARGET = 15.0;
				MTL_ENABLE_DEBUG_INFO = INCLUDE_SOURCE;
				MTL_FAST_MATH = YES;
				ONLY_ACTIVE_ARCH = YES;
				SDKROOT = iphoneos;
				SWIFT_ACTIVE_COMPILATION_CONDITIONS = DEBUG;
				SWIFT_OPTIMIZATION_LEVEL = "-Onone";
			};
			name = Debug;
		};
		71DECF1027396709000BCE96 /* Release */ = {
			isa = XCBuildConfiguration;
			buildSettings = {
				ALWAYS_SEARCH_USER_PATHS = NO;
				CLANG_ANALYZER_NONNULL = YES;
				CLANG_ANALYZER_NUMBER_OBJECT_CONVERSION = YES_AGGRESSIVE;
				CLANG_CXX_LANGUAGE_STANDARD = "gnu++17";
				CLANG_CXX_LIBRARY = "libc++";
				CLANG_ENABLE_MODULES = YES;
				CLANG_ENABLE_OBJC_ARC = YES;
				CLANG_ENABLE_OBJC_WEAK = YES;
				CLANG_WARN_BLOCK_CAPTURE_AUTORELEASING = YES;
				CLANG_WARN_BOOL_CONVERSION = YES;
				CLANG_WARN_COMMA = YES;
				CLANG_WARN_CONSTANT_CONVERSION = YES;
				CLANG_WARN_DEPRECATED_OBJC_IMPLEMENTATIONS = YES;
				CLANG_WARN_DIRECT_OBJC_ISA_USAGE = YES_ERROR;
				CLANG_WARN_DOCUMENTATION_COMMENTS = YES;
				CLANG_WARN_EMPTY_BODY = YES;
				CLANG_WARN_ENUM_CONVERSION = YES;
				CLANG_WARN_INFINITE_RECURSION = YES;
				CLANG_WARN_INT_CONVERSION = YES;
				CLANG_WARN_NON_LITERAL_NULL_CONVERSION = YES;
				CLANG_WARN_OBJC_IMPLICIT_RETAIN_SELF = YES;
				CLANG_WARN_OBJC_LITERAL_CONVERSION = YES;
				CLANG_WARN_OBJC_ROOT_CLASS = YES_ERROR;
				CLANG_WARN_QUOTED_INCLUDE_IN_FRAMEWORK_HEADER = YES;
				CLANG_WARN_RANGE_LOOP_ANALYSIS = YES;
				CLANG_WARN_STRICT_PROTOTYPES = YES;
				CLANG_WARN_SUSPICIOUS_MOVE = YES;
				CLANG_WARN_UNGUARDED_AVAILABILITY = YES_AGGRESSIVE;
				CLANG_WARN_UNREACHABLE_CODE = YES;
				CLANG_WARN__DUPLICATE_METHOD_MATCH = YES;
				COPY_PHASE_STRIP = NO;
				DEBUG_INFORMATION_FORMAT = "dwarf-with-dsym";
				ENABLE_NS_ASSERTIONS = NO;
				ENABLE_STRICT_OBJC_MSGSEND = YES;
				GCC_C_LANGUAGE_STANDARD = gnu11;
				GCC_NO_COMMON_BLOCKS = YES;
				GCC_WARN_64_TO_32_BIT_CONVERSION = YES;
				GCC_WARN_ABOUT_RETURN_TYPE = YES_ERROR;
				GCC_WARN_UNDECLARED_SELECTOR = YES;
				GCC_WARN_UNINITIALIZED_AUTOS = YES_AGGRESSIVE;
				GCC_WARN_UNUSED_FUNCTION = YES;
				GCC_WARN_UNUSED_VARIABLE = YES;
				IPHONEOS_DEPLOYMENT_TARGET = 15.0;
				MTL_ENABLE_DEBUG_INFO = NO;
				MTL_FAST_MATH = YES;
				SDKROOT = iphoneos;
				SWIFT_COMPILATION_MODE = wholemodule;
				SWIFT_OPTIMIZATION_LEVEL = "-O";
				VALIDATE_PRODUCT = YES;
			};
			name = Release;
		};
		71DECF1227396709000BCE96 /* Debug */ = {
			isa = XCBuildConfiguration;
			baseConfigurationReference = 2BE3BE5FB62D84F9FEFE6425 /* Pods-BookLibrary.debug.xcconfig */;
			buildSettings = {
				ASSETCATALOG_COMPILER_APPICON_NAME = AppIcon;
				ASSETCATALOG_COMPILER_GLOBAL_ACCENT_COLOR_NAME = AccentColor;
				CODE_SIGN_STYLE = Automatic;
				CURRENT_PROJECT_VERSION = 1;
				DEVELOPMENT_TEAM = W8N667CFJ3;
				GENERATE_INFOPLIST_FILE = YES;
				INFOPLIST_FILE = BookLibrary/Info.plist;
				INFOPLIST_KEY_UIApplicationSupportsIndirectInputEvents = YES;
				INFOPLIST_KEY_UILaunchStoryboardName = LaunchScreen;
				INFOPLIST_KEY_UIMainStoryboardFile = Main;
				INFOPLIST_KEY_UISupportedInterfaceOrientations_iPad = "UIInterfaceOrientationPortrait UIInterfaceOrientationPortraitUpsideDown UIInterfaceOrientationLandscapeLeft UIInterfaceOrientationLandscapeRight";
				INFOPLIST_KEY_UISupportedInterfaceOrientations_iPhone = "UIInterfaceOrientationPortrait UIInterfaceOrientationLandscapeLeft UIInterfaceOrientationLandscapeRight";
				LD_RUNPATH_SEARCH_PATHS = (
					"$(inherited)",
					"@executable_path/Frameworks",
				);
				MARKETING_VERSION = 1.0;
				PRODUCT_BUNDLE_IDENTIFIER = com.azikus.BookLibrary;
				PRODUCT_NAME = "$(TARGET_NAME)";
				SWIFT_EMIT_LOC_STRINGS = YES;
				SWIFT_VERSION = 5.0;
				TARGETED_DEVICE_FAMILY = "1,2";
			};
			name = Debug;
		};
		71DECF1327396709000BCE96 /* Release */ = {
			isa = XCBuildConfiguration;
			baseConfigurationReference = 3A9701AC13540C46E94DA6C7 /* Pods-BookLibrary.release.xcconfig */;
			buildSettings = {
				ASSETCATALOG_COMPILER_APPICON_NAME = AppIcon;
				ASSETCATALOG_COMPILER_GLOBAL_ACCENT_COLOR_NAME = AccentColor;
				CODE_SIGN_STYLE = Automatic;
				CURRENT_PROJECT_VERSION = 1;
				DEVELOPMENT_TEAM = W8N667CFJ3;
				GENERATE_INFOPLIST_FILE = YES;
				INFOPLIST_FILE = BookLibrary/Info.plist;
				INFOPLIST_KEY_UIApplicationSupportsIndirectInputEvents = YES;
				INFOPLIST_KEY_UILaunchStoryboardName = LaunchScreen;
				INFOPLIST_KEY_UIMainStoryboardFile = Main;
				INFOPLIST_KEY_UISupportedInterfaceOrientations_iPad = "UIInterfaceOrientationPortrait UIInterfaceOrientationPortraitUpsideDown UIInterfaceOrientationLandscapeLeft UIInterfaceOrientationLandscapeRight";
				INFOPLIST_KEY_UISupportedInterfaceOrientations_iPhone = "UIInterfaceOrientationPortrait UIInterfaceOrientationLandscapeLeft UIInterfaceOrientationLandscapeRight";
				LD_RUNPATH_SEARCH_PATHS = (
					"$(inherited)",
					"@executable_path/Frameworks",
				);
				MARKETING_VERSION = 1.0;
				PRODUCT_BUNDLE_IDENTIFIER = com.azikus.BookLibrary;
				PRODUCT_NAME = "$(TARGET_NAME)";
				SWIFT_EMIT_LOC_STRINGS = YES;
				SWIFT_VERSION = 5.0;
				TARGETED_DEVICE_FAMILY = "1,2";
			};
			name = Release;
		};
		71DECF1527396709000BCE96 /* Debug */ = {
			isa = XCBuildConfiguration;
			baseConfigurationReference = E47FAC6A4A2B8CBE43839241 /* Pods-BookLibraryTests.debug.xcconfig */;
			buildSettings = {
				ALWAYS_EMBED_SWIFT_STANDARD_LIBRARIES = YES;
				BUNDLE_LOADER = "$(TEST_HOST)";
				CODE_SIGN_STYLE = Automatic;
				CURRENT_PROJECT_VERSION = 1;
				DEVELOPMENT_TEAM = W8N667CFJ3;
				GENERATE_INFOPLIST_FILE = YES;
				IPHONEOS_DEPLOYMENT_TARGET = 15.0;
				LD_RUNPATH_SEARCH_PATHS = (
					"$(inherited)",
					"@executable_path/Frameworks",
					"@loader_path/Frameworks",
				);
				MARKETING_VERSION = 1.0;
				PRODUCT_BUNDLE_IDENTIFIER = com.azikus.BookLibraryTests;
				PRODUCT_NAME = "$(TARGET_NAME)";
				SWIFT_EMIT_LOC_STRINGS = NO;
				SWIFT_VERSION = 5.0;
				TARGETED_DEVICE_FAMILY = "1,2";
				TEST_HOST = "$(BUILT_PRODUCTS_DIR)/BookLibrary.app/BookLibrary";
			};
			name = Debug;
		};
		71DECF1627396709000BCE96 /* Release */ = {
			isa = XCBuildConfiguration;
			baseConfigurationReference = 90BE7E5C3AAF56FC0CC369C9 /* Pods-BookLibraryTests.release.xcconfig */;
			buildSettings = {
				ALWAYS_EMBED_SWIFT_STANDARD_LIBRARIES = YES;
				BUNDLE_LOADER = "$(TEST_HOST)";
				CODE_SIGN_STYLE = Automatic;
				CURRENT_PROJECT_VERSION = 1;
				DEVELOPMENT_TEAM = W8N667CFJ3;
				GENERATE_INFOPLIST_FILE = YES;
				IPHONEOS_DEPLOYMENT_TARGET = 15.0;
				LD_RUNPATH_SEARCH_PATHS = (
					"$(inherited)",
					"@executable_path/Frameworks",
					"@loader_path/Frameworks",
				);
				MARKETING_VERSION = 1.0;
				PRODUCT_BUNDLE_IDENTIFIER = com.azikus.BookLibraryTests;
				PRODUCT_NAME = "$(TARGET_NAME)";
				SWIFT_EMIT_LOC_STRINGS = NO;
				SWIFT_VERSION = 5.0;
				TARGETED_DEVICE_FAMILY = "1,2";
				TEST_HOST = "$(BUILT_PRODUCTS_DIR)/BookLibrary.app/BookLibrary";
			};
			name = Release;
		};
		71DECF1827396709000BCE96 /* Debug */ = {
			isa = XCBuildConfiguration;
			baseConfigurationReference = 96E88DA8718C9CF48A02C8FC /* Pods-BookLibrary-BookLibraryUITests.debug.xcconfig */;
			buildSettings = {
				ALWAYS_EMBED_SWIFT_STANDARD_LIBRARIES = YES;
				CODE_SIGN_STYLE = Automatic;
				CURRENT_PROJECT_VERSION = 1;
				DEVELOPMENT_TEAM = W8N667CFJ3;
				GENERATE_INFOPLIST_FILE = YES;
				LD_RUNPATH_SEARCH_PATHS = (
					"$(inherited)",
					"@executable_path/Frameworks",
					"@loader_path/Frameworks",
				);
				MARKETING_VERSION = 1.0;
				PRODUCT_BUNDLE_IDENTIFIER = com.azikus.BookLibraryUITests;
				PRODUCT_NAME = "$(TARGET_NAME)";
				SWIFT_EMIT_LOC_STRINGS = NO;
				SWIFT_VERSION = 5.0;
				TARGETED_DEVICE_FAMILY = "1,2";
				TEST_TARGET_NAME = BookLibrary;
			};
			name = Debug;
		};
		71DECF1927396709000BCE96 /* Release */ = {
			isa = XCBuildConfiguration;
			baseConfigurationReference = 2D3F31C30D766DACFD7BC2AC /* Pods-BookLibrary-BookLibraryUITests.release.xcconfig */;
			buildSettings = {
				ALWAYS_EMBED_SWIFT_STANDARD_LIBRARIES = YES;
				CODE_SIGN_STYLE = Automatic;
				CURRENT_PROJECT_VERSION = 1;
				DEVELOPMENT_TEAM = W8N667CFJ3;
				GENERATE_INFOPLIST_FILE = YES;
				LD_RUNPATH_SEARCH_PATHS = (
					"$(inherited)",
					"@executable_path/Frameworks",
					"@loader_path/Frameworks",
				);
				MARKETING_VERSION = 1.0;
				PRODUCT_BUNDLE_IDENTIFIER = com.azikus.BookLibraryUITests;
				PRODUCT_NAME = "$(TARGET_NAME)";
				SWIFT_EMIT_LOC_STRINGS = NO;
				SWIFT_VERSION = 5.0;
				TARGETED_DEVICE_FAMILY = "1,2";
				TEST_TARGET_NAME = BookLibrary;
			};
			name = Release;
		};
/* End XCBuildConfiguration section */

/* Begin XCConfigurationList section */
		71DECEE227396706000BCE96 /* Build configuration list for PBXProject "BookLibrary" */ = {
			isa = XCConfigurationList;
			buildConfigurations = (
				71DECF0F27396709000BCE96 /* Debug */,
				71DECF1027396709000BCE96 /* Release */,
			);
			defaultConfigurationIsVisible = 0;
			defaultConfigurationName = Release;
		};
		71DECF1127396709000BCE96 /* Build configuration list for PBXNativeTarget "BookLibrary" */ = {
			isa = XCConfigurationList;
			buildConfigurations = (
				71DECF1227396709000BCE96 /* Debug */,
				71DECF1327396709000BCE96 /* Release */,
			);
			defaultConfigurationIsVisible = 0;
			defaultConfigurationName = Release;
		};
		71DECF1427396709000BCE96 /* Build configuration list for PBXNativeTarget "BookLibraryTests" */ = {
			isa = XCConfigurationList;
			buildConfigurations = (
				71DECF1527396709000BCE96 /* Debug */,
				71DECF1627396709000BCE96 /* Release */,
			);
			defaultConfigurationIsVisible = 0;
			defaultConfigurationName = Release;
		};
		71DECF1727396709000BCE96 /* Build configuration list for PBXNativeTarget "BookLibraryUITests" */ = {
			isa = XCConfigurationList;
			buildConfigurations = (
				71DECF1827396709000BCE96 /* Debug */,
				71DECF1927396709000BCE96 /* Release */,
			);
			defaultConfigurationIsVisible = 0;
			defaultConfigurationName = Release;
		};
/* End XCConfigurationList section */
	};
	rootObject = 71DECEDF27396706000BCE96 /* Project object */;
}
